
Microsoft Visual Studio Solution File, Format Version 12.00
# Visual Studio 15
VisualStudioVersion = 15.0.27004.2005
MinimumVisualStudioVersion = 10.0.40219.1
Project("{9A19103F-16F7-4668-BE54-9A1E7A4F7556}") = "Microsoft.SymbolStore", "src\Microsoft.SymbolStore\Microsoft.SymbolStore.csproj", "{D041D275-EB2A-4A56-BB78-BCB0C4E6326D}"
EndProject
Project("{9A19103F-16F7-4668-BE54-9A1E7A4F7556}") = "Microsoft.SymbolStore.UnitTests", "src\Microsoft.SymbolStore.UnitTests\Microsoft.SymbolStore.UnitTests.csproj", "{25F19EBE-1E2A-44D3-827D-248D753A5BA1}"
EndProject
Project("{9A19103F-16F7-4668-BE54-9A1E7A4F7556}") = "Microsoft.FileFormats", "src\Microsoft.FileFormats\Microsoft.FileFormats.csproj", "{256F3AFA-B659-44B0-BC6F-3C9912E9DD4F}"
EndProject
Project("{9A19103F-16F7-4668-BE54-9A1E7A4F7556}") = "Microsoft.FileFormats.UnitTests", "src\Microsoft.FileFormats.UnitTests\Microsoft.FileFormats.UnitTests.csproj", "{CEB7EF5F-8702-4C67-A0B4-A0F76D7827CB}"
EndProject
Project("{9A19103F-16F7-4668-BE54-9A1E7A4F7556}") = "TestHelpers", "src\TestHelpers\TestHelpers.csproj", "{E727DE89-2500-4854-9E1C-C3179FC3DDE3}"
EndProject
Project("{9A19103F-16F7-4668-BE54-9A1E7A4F7556}") = "NugetSymbolServer", "src\NugetSymbolServer\NugetSymbolServer.csproj", "{340A449E-DDE0-4C25-B4BE-EEC93F420070}"
EndProject
Project("{9A19103F-16F7-4668-BE54-9A1E7A4F7556}") = "dotnet-symbol", "src\dotnet-symbol\dotnet-symbol.csproj", "{76790A04-BF78-4505-8091-EFFC4BB77032}"
EndProject
Project("{9A19103F-16F7-4668-BE54-9A1E7A4F7556}") = "SymClient", "src\SymClient\SymClient.csproj", "{7E4706CE-D645-4D27-A0A6-C3964011B77C}"
EndProject
Global
	GlobalSection(SolutionConfigurationPlatforms) = preSolution
		Debug|Any CPU = Debug|Any CPU
		Debug|x64 = Debug|x64
		Release|Any CPU = Release|Any CPU
		Release|x64 = Release|x64
	EndGlobalSection
	GlobalSection(ProjectConfigurationPlatforms) = postSolution
		{D041D275-EB2A-4A56-BB78-BCB0C4E6326D}.Debug|Any CPU.ActiveCfg = Debug|Any CPU
		{D041D275-EB2A-4A56-BB78-BCB0C4E6326D}.Debug|Any CPU.Build.0 = Debug|Any CPU
		{D041D275-EB2A-4A56-BB78-BCB0C4E6326D}.Debug|x64.ActiveCfg = Debug|Any CPU
		{D041D275-EB2A-4A56-BB78-BCB0C4E6326D}.Debug|x64.Build.0 = Debug|Any CPU
		{D041D275-EB2A-4A56-BB78-BCB0C4E6326D}.Release|Any CPU.ActiveCfg = Release|Any CPU
		{D041D275-EB2A-4A56-BB78-BCB0C4E6326D}.Release|Any CPU.Build.0 = Release|Any CPU
		{D041D275-EB2A-4A56-BB78-BCB0C4E6326D}.Release|x64.ActiveCfg = Release|Any CPU
		{D041D275-EB2A-4A56-BB78-BCB0C4E6326D}.Release|x64.Build.0 = Release|Any CPU
		{25F19EBE-1E2A-44D3-827D-248D753A5BA1}.Debug|Any CPU.ActiveCfg = Debug|Any CPU
		{25F19EBE-1E2A-44D3-827D-248D753A5BA1}.Debug|Any CPU.Build.0 = Debug|Any CPU
		{25F19EBE-1E2A-44D3-827D-248D753A5BA1}.Debug|x64.ActiveCfg = Debug|Any CPU
		{25F19EBE-1E2A-44D3-827D-248D753A5BA1}.Debug|x64.Build.0 = Debug|Any CPU
		{25F19EBE-1E2A-44D3-827D-248D753A5BA1}.Release|Any CPU.ActiveCfg = Release|Any CPU
		{25F19EBE-1E2A-44D3-827D-248D753A5BA1}.Release|Any CPU.Build.0 = Release|Any CPU
		{25F19EBE-1E2A-44D3-827D-248D753A5BA1}.Release|x64.ActiveCfg = Release|Any CPU
		{25F19EBE-1E2A-44D3-827D-248D753A5BA1}.Release|x64.Build.0 = Release|Any CPU
		{256F3AFA-B659-44B0-BC6F-3C9912E9DD4F}.Debug|Any CPU.ActiveCfg = Debug|Any CPU
		{256F3AFA-B659-44B0-BC6F-3C9912E9DD4F}.Debug|Any CPU.Build.0 = Debug|Any CPU
		{256F3AFA-B659-44B0-BC6F-3C9912E9DD4F}.Debug|x64.ActiveCfg = Debug|Any CPU
		{256F3AFA-B659-44B0-BC6F-3C9912E9DD4F}.Debug|x64.Build.0 = Debug|Any CPU
		{256F3AFA-B659-44B0-BC6F-3C9912E9DD4F}.Release|Any CPU.ActiveCfg = Release|Any CPU
		{256F3AFA-B659-44B0-BC6F-3C9912E9DD4F}.Release|Any CPU.Build.0 = Release|Any CPU
		{256F3AFA-B659-44B0-BC6F-3C9912E9DD4F}.Release|x64.ActiveCfg = Release|Any CPU
		{256F3AFA-B659-44B0-BC6F-3C9912E9DD4F}.Release|x64.Build.0 = Release|Any CPU
		{CEB7EF5F-8702-4C67-A0B4-A0F76D7827CB}.Debug|Any CPU.ActiveCfg = Debug|Any CPU
		{CEB7EF5F-8702-4C67-A0B4-A0F76D7827CB}.Debug|Any CPU.Build.0 = Debug|Any CPU
		{CEB7EF5F-8702-4C67-A0B4-A0F76D7827CB}.Debug|x64.ActiveCfg = Debug|Any CPU
		{CEB7EF5F-8702-4C67-A0B4-A0F76D7827CB}.Debug|x64.Build.0 = Debug|Any CPU
		{CEB7EF5F-8702-4C67-A0B4-A0F76D7827CB}.Release|Any CPU.ActiveCfg = Release|Any CPU
		{CEB7EF5F-8702-4C67-A0B4-A0F76D7827CB}.Release|Any CPU.Build.0 = Release|Any CPU
		{CEB7EF5F-8702-4C67-A0B4-A0F76D7827CB}.Release|x64.ActiveCfg = Release|Any CPU
		{CEB7EF5F-8702-4C67-A0B4-A0F76D7827CB}.Release|x64.Build.0 = Release|Any CPU
		{E727DE89-2500-4854-9E1C-C3179FC3DDE3}.Debug|Any CPU.ActiveCfg = Debug|Any CPU
		{E727DE89-2500-4854-9E1C-C3179FC3DDE3}.Debug|Any CPU.Build.0 = Debug|Any CPU
		{E727DE89-2500-4854-9E1C-C3179FC3DDE3}.Debug|x64.ActiveCfg = Debug|Any CPU
		{E727DE89-2500-4854-9E1C-C3179FC3DDE3}.Debug|x64.Build.0 = Debug|Any CPU
		{E727DE89-2500-4854-9E1C-C3179FC3DDE3}.Release|Any CPU.ActiveCfg = Release|Any CPU
		{E727DE89-2500-4854-9E1C-C3179FC3DDE3}.Release|Any CPU.Build.0 = Release|Any CPU
		{E727DE89-2500-4854-9E1C-C3179FC3DDE3}.Release|x64.ActiveCfg = Release|Any CPU
		{E727DE89-2500-4854-9E1C-C3179FC3DDE3}.Release|x64.Build.0 = Release|Any CPU
		{340A449E-DDE0-4C25-B4BE-EEC93F420070}.Debug|Any CPU.ActiveCfg = Debug|Any CPU
		{340A449E-DDE0-4C25-B4BE-EEC93F420070}.Debug|Any CPU.Build.0 = Debug|Any CPU
		{340A449E-DDE0-4C25-B4BE-EEC93F420070}.Debug|x64.ActiveCfg = Debug|Any CPU
		{340A449E-DDE0-4C25-B4BE-EEC93F420070}.Debug|x64.Build.0 = Debug|Any CPU
		{340A449E-DDE0-4C25-B4BE-EEC93F420070}.Release|Any CPU.ActiveCfg = Release|Any CPU
		{340A449E-DDE0-4C25-B4BE-EEC93F420070}.Release|Any CPU.Build.0 = Release|Any CPU
		{340A449E-DDE0-4C25-B4BE-EEC93F420070}.Release|x64.ActiveCfg = Release|Any CPU
		{340A449E-DDE0-4C25-B4BE-EEC93F420070}.Release|x64.Build.0 = Release|Any CPU
		{76790A04-BF78-4505-8091-EFFC4BB77032}.Debug|Any CPU.ActiveCfg = Debug|Any CPU
		{76790A04-BF78-4505-8091-EFFC4BB77032}.Debug|Any CPU.Build.0 = Debug|Any CPU
		{76790A04-BF78-4505-8091-EFFC4BB77032}.Debug|x64.ActiveCfg = Debug|Any CPU
		{76790A04-BF78-4505-8091-EFFC4BB77032}.Debug|x64.Build.0 = Debug|Any CPU
		{76790A04-BF78-4505-8091-EFFC4BB77032}.Release|Any CPU.ActiveCfg = Release|Any CPU
		{76790A04-BF78-4505-8091-EFFC4BB77032}.Release|Any CPU.Build.0 = Release|Any CPU
		{76790A04-BF78-4505-8091-EFFC4BB77032}.Release|x64.ActiveCfg = Release|Any CPU
		{76790A04-BF78-4505-8091-EFFC4BB77032}.Release|x64.Build.0 = Release|Any CPU
		{7E4706CE-D645-4D27-A0A6-C3964011B77C}.Debug|Any CPU.ActiveCfg = Debug|Any CPU
		{7E4706CE-D645-4D27-A0A6-C3964011B77C}.Debug|Any CPU.Build.0 = Debug|Any CPU
		{7E4706CE-D645-4D27-A0A6-C3964011B77C}.Debug|x64.ActiveCfg = Debug|Any CPU
		{7E4706CE-D645-4D27-A0A6-C3964011B77C}.Debug|x64.Build.0 = Debug|Any CPU
		{7E4706CE-D645-4D27-A0A6-C3964011B77C}.Release|Any CPU.ActiveCfg = Release|Any CPU
		{7E4706CE-D645-4D27-A0A6-C3964011B77C}.Release|Any CPU.Build.0 = Release|Any CPU
		{7E4706CE-D645-4D27-A0A6-C3964011B77C}.Release|x64.ActiveCfg = Release|Any CPU
		{7E4706CE-D645-4D27-A0A6-C3964011B77C}.Release|x64.Build.0 = Release|Any CPU
	EndGlobalSection
	GlobalSection(SolutionProperties) = preSolution
		HideSolutionNode = FALSE
	EndGlobalSection
	GlobalSection(ExtensibilityGlobals) = postSolution
		SolutionGuid = {46465737-C938-44FC-BE1A-4CE139EBB5E0}
	EndGlobalSection
EndGlobal
