
Microsoft Visual Studio Solution File, Format Version 12.00
# Visual Studio 14
VisualStudioVersion = 14.0.25420.1
MinimumVisualStudioVersion = 10.0.40219.1
Project("{8BB2217D-0F2D-49D1-97BC-3654ED321F3B}") = "DownloadDumpFiles", "src\DownloadDumpFiles\DownloadDumpFiles.xproj", "{087FA673-8FA2-42C3-827E-7616B5087285}"
EndProject
Project("{8BB2217D-0F2D-49D1-97BC-3654ED321F3B}") = "FileFormats", "src\FileFormats\FileFormats.xproj", "{F1213DA6-9EB9-4F33-9183-6BFD49412D19}"
EndProject
Project("{8BB2217D-0F2D-49D1-97BC-3654ED321F3B}") = "FileFormats.ELF", "src\FileFormats.ELF\FileFormats.ELF.xproj", "{ABB8D17D-FB16-4B5A-BFBE-CAB2100B8650}"
EndProject
Project("{8BB2217D-0F2D-49D1-97BC-3654ED321F3B}") = "FileFormats.MachO", "src\FileFormats.MachO\FileFormats.MachO.xproj", "{4FDE26C9-B5C7-4710-899E-87D3D7293723}"
EndProject
Project("{8BB2217D-0F2D-49D1-97BC-3654ED321F3B}") = "NugetSymbolServer", "src\NugetSymbolServer\NugetSymbolServer.xproj", "{205B3776-FF36-4349-AEE5-1CD8EE8FB881}"
EndProject
Project("{8BB2217D-0F2D-49D1-97BC-3654ED321F3B}") = "FileFormats.PDB", "src\FileFormats.PDB\FileFormats.PDB.xproj", "{57689F99-AF05-4779-A5A0-03695BFEF08E}"
EndProject
Project("{8BB2217D-0F2D-49D1-97BC-3654ED321F3B}") = "EmbedIndex", "src\EmbedIndex\EmbedIndex.xproj", "{4E7A01B0-57CE-4A96-9500-D6C8566E6483}"
EndProject
Project("{8BB2217D-0F2D-49D1-97BC-3654ED321F3B}") = "FileFormats.PE", "src\FileFormats.PE\FileFormats.PE.xproj", "{B2024114-26CB-4BC0-A363-36746B7911B1}"
EndProject
Project("{8BB2217D-0F2D-49D1-97BC-3654ED321F3B}") = "FileFormats.ELF.Tests", "src\FileFormats.ELF.Tests\FileFormats.ELF.Tests.xproj", "{D700D39E-1862-4B28-8D97-95C92DC735B5}"
EndProject
Project("{8BB2217D-0F2D-49D1-97BC-3654ED321F3B}") = "FileFormats.MachO.Tests", "src\FileFormats.MachO.Tests\FileFormats.MachO.Tests.xproj", "{B7CEA652-AD2C-46E2-8F2C-0FDC617233A2}"
EndProject
Project("{8BB2217D-0F2D-49D1-97BC-3654ED321F3B}") = "FileFormats.PDB.Tests", "src\FileFormats.PDB.Tests\FileFormats.PDB.Tests.xproj", "{818E05AB-FA8F-4D6F-A2D5-AD5851632CAC}"
EndProject
Project("{8BB2217D-0F2D-49D1-97BC-3654ED321F3B}") = "FileFormats.Tests", "src\FileFormats.Tests\FileFormats.Tests.xproj", "{2177FA4A-3A4E-408D-8F13-A184C3050F46}"
EndProject
Project("{8BB2217D-0F2D-49D1-97BC-3654ED321F3B}") = "FileFormats.PE.Tests", "src\FileFormats.PE.Tests\FileFormats.PE.Tests.xproj", "{618AE198-9422-4076-9289-DB26DFF4882D}"
EndProject
Project("{8BB2217D-0F2D-49D1-97BC-3654ED321F3B}") = "FileFormats.Minidump", "src\FileFormats.Minidump\FileFormats.Minidump.xproj", "{BB9EBBAE-B057-49E3-BF8C-4F3B6AB53D29}"
EndProject
Project("{8BB2217D-0F2D-49D1-97BC-3654ED321F3B}") = "FileFormats.Minidump.Tests", "src\FileFormats.Minidump.Tests\FileFormats.Minidump.Tests.xproj", "{B5A5C4F1-AF21-45B6-9489-D35D85AC2DB6}"
EndProject
Project("{8BB2217D-0F2D-49D1-97BC-3654ED321F3B}") = "TestHelpers", "src\TestHelpers\TestHelpers.xproj", "{BFB3FD89-7534-4DEF-B24A-FBFBB6CE4CE9}"
EndProject
Global
	GlobalSection(SolutionConfigurationPlatforms) = preSolution
		Debug|Any CPU = Debug|Any CPU
		Release|Any CPU = Release|Any CPU
	EndGlobalSection
	GlobalSection(ProjectConfigurationPlatforms) = postSolution
		{087FA673-8FA2-42C3-827E-7616B5087285}.Debug|Any CPU.ActiveCfg = Debug|Any CPU
		{087FA673-8FA2-42C3-827E-7616B5087285}.Debug|Any CPU.Build.0 = Debug|Any CPU
		{087FA673-8FA2-42C3-827E-7616B5087285}.Release|Any CPU.ActiveCfg = Release|Any CPU
		{087FA673-8FA2-42C3-827E-7616B5087285}.Release|Any CPU.Build.0 = Release|Any CPU
		{F1213DA6-9EB9-4F33-9183-6BFD49412D19}.Debug|Any CPU.ActiveCfg = Debug|Any CPU
		{F1213DA6-9EB9-4F33-9183-6BFD49412D19}.Debug|Any CPU.Build.0 = Debug|Any CPU
		{F1213DA6-9EB9-4F33-9183-6BFD49412D19}.Release|Any CPU.ActiveCfg = Release|Any CPU
		{F1213DA6-9EB9-4F33-9183-6BFD49412D19}.Release|Any CPU.Build.0 = Release|Any CPU
		{ABB8D17D-FB16-4B5A-BFBE-CAB2100B8650}.Debug|Any CPU.ActiveCfg = Debug|Any CPU
		{ABB8D17D-FB16-4B5A-BFBE-CAB2100B8650}.Debug|Any CPU.Build.0 = Debug|Any CPU
		{ABB8D17D-FB16-4B5A-BFBE-CAB2100B8650}.Release|Any CPU.ActiveCfg = Release|Any CPU
		{ABB8D17D-FB16-4B5A-BFBE-CAB2100B8650}.Release|Any CPU.Build.0 = Release|Any CPU
		{4FDE26C9-B5C7-4710-899E-87D3D7293723}.Debug|Any CPU.ActiveCfg = Debug|Any CPU
		{4FDE26C9-B5C7-4710-899E-87D3D7293723}.Debug|Any CPU.Build.0 = Debug|Any CPU
		{4FDE26C9-B5C7-4710-899E-87D3D7293723}.Release|Any CPU.ActiveCfg = Release|Any CPU
		{4FDE26C9-B5C7-4710-899E-87D3D7293723}.Release|Any CPU.Build.0 = Release|Any CPU
		{205B3776-FF36-4349-AEE5-1CD8EE8FB881}.Debug|Any CPU.ActiveCfg = Debug|Any CPU
		{205B3776-FF36-4349-AEE5-1CD8EE8FB881}.Debug|Any CPU.Build.0 = Debug|Any CPU
		{205B3776-FF36-4349-AEE5-1CD8EE8FB881}.Release|Any CPU.ActiveCfg = Release|Any CPU
		{205B3776-FF36-4349-AEE5-1CD8EE8FB881}.Release|Any CPU.Build.0 = Release|Any CPU
		{57689F99-AF05-4779-A5A0-03695BFEF08E}.Debug|Any CPU.ActiveCfg = Debug|Any CPU
		{57689F99-AF05-4779-A5A0-03695BFEF08E}.Debug|Any CPU.Build.0 = Debug|Any CPU
		{57689F99-AF05-4779-A5A0-03695BFEF08E}.Release|Any CPU.ActiveCfg = Release|Any CPU
		{57689F99-AF05-4779-A5A0-03695BFEF08E}.Release|Any CPU.Build.0 = Release|Any CPU
		{4E7A01B0-57CE-4A96-9500-D6C8566E6483}.Debug|Any CPU.ActiveCfg = Debug|Any CPU
		{4E7A01B0-57CE-4A96-9500-D6C8566E6483}.Debug|Any CPU.Build.0 = Debug|Any CPU
		{4E7A01B0-57CE-4A96-9500-D6C8566E6483}.Release|Any CPU.ActiveCfg = Release|Any CPU
		{4E7A01B0-57CE-4A96-9500-D6C8566E6483}.Release|Any CPU.Build.0 = Release|Any CPU
		{B2024114-26CB-4BC0-A363-36746B7911B1}.Debug|Any CPU.ActiveCfg = Debug|Any CPU
		{B2024114-26CB-4BC0-A363-36746B7911B1}.Debug|Any CPU.Build.0 = Debug|Any CPU
		{B2024114-26CB-4BC0-A363-36746B7911B1}.Release|Any CPU.ActiveCfg = Release|Any CPU
		{B2024114-26CB-4BC0-A363-36746B7911B1}.Release|Any CPU.Build.0 = Release|Any CPU
		{D700D39E-1862-4B28-8D97-95C92DC735B5}.Debug|Any CPU.ActiveCfg = Debug|Any CPU
		{D700D39E-1862-4B28-8D97-95C92DC735B5}.Debug|Any CPU.Build.0 = Debug|Any CPU
		{D700D39E-1862-4B28-8D97-95C92DC735B5}.Release|Any CPU.ActiveCfg = Release|Any CPU
		{D700D39E-1862-4B28-8D97-95C92DC735B5}.Release|Any CPU.Build.0 = Release|Any CPU
		{B7CEA652-AD2C-46E2-8F2C-0FDC617233A2}.Debug|Any CPU.ActiveCfg = Debug|Any CPU
		{B7CEA652-AD2C-46E2-8F2C-0FDC617233A2}.Debug|Any CPU.Build.0 = Debug|Any CPU
		{B7CEA652-AD2C-46E2-8F2C-0FDC617233A2}.Release|Any CPU.ActiveCfg = Release|Any CPU
		{B7CEA652-AD2C-46E2-8F2C-0FDC617233A2}.Release|Any CPU.Build.0 = Release|Any CPU
		{818E05AB-FA8F-4D6F-A2D5-AD5851632CAC}.Debug|Any CPU.ActiveCfg = Debug|Any CPU
		{818E05AB-FA8F-4D6F-A2D5-AD5851632CAC}.Debug|Any CPU.Build.0 = Debug|Any CPU
		{818E05AB-FA8F-4D6F-A2D5-AD5851632CAC}.Release|Any CPU.ActiveCfg = Release|Any CPU
		{818E05AB-FA8F-4D6F-A2D5-AD5851632CAC}.Release|Any CPU.Build.0 = Release|Any CPU
		{2177FA4A-3A4E-408D-8F13-A184C3050F46}.Debug|Any CPU.ActiveCfg = Debug|Any CPU
		{2177FA4A-3A4E-408D-8F13-A184C3050F46}.Debug|Any CPU.Build.0 = Debug|Any CPU
		{2177FA4A-3A4E-408D-8F13-A184C3050F46}.Release|Any CPU.ActiveCfg = Release|Any CPU
		{2177FA4A-3A4E-408D-8F13-A184C3050F46}.Release|Any CPU.Build.0 = Release|Any CPU
		{618AE198-9422-4076-9289-DB26DFF4882D}.Debug|Any CPU.ActiveCfg = Debug|Any CPU
		{618AE198-9422-4076-9289-DB26DFF4882D}.Debug|Any CPU.Build.0 = Debug|Any CPU
		{618AE198-9422-4076-9289-DB26DFF4882D}.Release|Any CPU.ActiveCfg = Release|Any CPU
		{618AE198-9422-4076-9289-DB26DFF4882D}.Release|Any CPU.Build.0 = Release|Any CPU
		{BB9EBBAE-B057-49E3-BF8C-4F3B6AB53D29}.Debug|Any CPU.ActiveCfg = Debug|Any CPU
		{BB9EBBAE-B057-49E3-BF8C-4F3B6AB53D29}.Debug|Any CPU.Build.0 = Debug|Any CPU
		{BB9EBBAE-B057-49E3-BF8C-4F3B6AB53D29}.Release|Any CPU.ActiveCfg = Release|Any CPU
		{BB9EBBAE-B057-49E3-BF8C-4F3B6AB53D29}.Release|Any CPU.Build.0 = Release|Any CPU
		{B5A5C4F1-AF21-45B6-9489-D35D85AC2DB6}.Debug|Any CPU.ActiveCfg = Debug|Any CPU
		{B5A5C4F1-AF21-45B6-9489-D35D85AC2DB6}.Debug|Any CPU.Build.0 = Debug|Any CPU
		{B5A5C4F1-AF21-45B6-9489-D35D85AC2DB6}.Release|Any CPU.ActiveCfg = Release|Any CPU
		{B5A5C4F1-AF21-45B6-9489-D35D85AC2DB6}.Release|Any CPU.Build.0 = Release|Any CPU
		{BFB3FD89-7534-4DEF-B24A-FBFBB6CE4CE9}.Debug|Any CPU.ActiveCfg = Debug|Any CPU
		{BFB3FD89-7534-4DEF-B24A-FBFBB6CE4CE9}.Debug|Any CPU.Build.0 = Debug|Any CPU
		{BFB3FD89-7534-4DEF-B24A-FBFBB6CE4CE9}.Release|Any CPU.ActiveCfg = Release|Any CPU
		{BFB3FD89-7534-4DEF-B24A-FBFBB6CE4CE9}.Release|Any CPU.Build.0 = Release|Any CPU
	EndGlobalSection
	GlobalSection(SolutionProperties) = preSolution
		HideSolutionNode = FALSE
	EndGlobalSection
EndGlobal
